
Microsoft Visual Studio Solution File, Format Version 12.00
# Visual Studio 15
VisualStudioVersion = 15.0.27130.2024
MinimumVisualStudioVersion = 10.0.40219.1
Project("{2150E333-8FDC-42A3-9474-1A3956D46DE8}") = "Engine", "Engine", "{0D5340AD-9508-4BDE-B22B-419ECA3FC0EF}"
EndProject
Project("{2150E333-8FDC-42A3-9474-1A3956D46DE8}") = "Games", "Games", "{86462F7A-2F02-4BA0-A8DC-7855C38FBBB1}"
EndProject
Project("{8BC9CEB8-8B4A-11D0-8D11-00A0C91BC942}") = "UE4", "Intermediate\ProjectFiles\UE4.vcxproj", "{FEA07D71-E3F1-4918-9D1A-6C713CA6E9AF}"
EndProject
Project("{8BC9CEB8-8B4A-11D0-8D11-00A0C91BC942}") = "Master_Project", "Intermediate\ProjectFiles\Master_Project.vcxproj", "{D0E1C430-403C-4C77-A3D7-214777EF9103}"
EndProject
Global
	GlobalSection(SolutionConfigurationPlatforms) = preSolution
		DebugGame Editor|HTML5 = DebugGame Editor|HTML5
		DebugGame Editor|Win32 = DebugGame Editor|Win32
		DebugGame Editor|Win64 = DebugGame Editor|Win64
		DebugGame|HTML5 = DebugGame|HTML5
		DebugGame|Win32 = DebugGame|Win32
		DebugGame|Win64 = DebugGame|Win64
		Development Editor|HTML5 = Development Editor|HTML5
		Development Editor|Win32 = Development Editor|Win32
		Development Editor|Win64 = Development Editor|Win64
		Development|HTML5 = Development|HTML5
		Development|Win32 = Development|Win32
		Development|Win64 = Development|Win64
		Shipping|HTML5 = Shipping|HTML5
		Shipping|Win32 = Shipping|Win32
		Shipping|Win64 = Shipping|Win64
	EndGlobalSection
	GlobalSection(ProjectConfigurationPlatforms) = postSolution
		{FEA07D71-E3F1-4918-9D1A-6C713CA6E9AF}.DebugGame Editor|HTML5.ActiveCfg = BuiltWithUnrealBuildTool|Win32
		{FEA07D71-E3F1-4918-9D1A-6C713CA6E9AF}.DebugGame Editor|HTML5.Build.0 = BuiltWithUnrealBuildTool|Win32
		{FEA07D71-E3F1-4918-9D1A-6C713CA6E9AF}.DebugGame Editor|Win32.ActiveCfg = BuiltWithUnrealBuildTool|Win32
		{FEA07D71-E3F1-4918-9D1A-6C713CA6E9AF}.DebugGame Editor|Win32.Build.0 = BuiltWithUnrealBuildTool|Win32
		{FEA07D71-E3F1-4918-9D1A-6C713CA6E9AF}.DebugGame Editor|Win64.ActiveCfg = BuiltWithUnrealBuildTool|Win32
		{FEA07D71-E3F1-4918-9D1A-6C713CA6E9AF}.DebugGame Editor|Win64.Build.0 = BuiltWithUnrealBuildTool|Win32
		{FEA07D71-E3F1-4918-9D1A-6C713CA6E9AF}.DebugGame|HTML5.ActiveCfg = BuiltWithUnrealBuildTool|Win32
		{FEA07D71-E3F1-4918-9D1A-6C713CA6E9AF}.DebugGame|HTML5.Build.0 = BuiltWithUnrealBuildTool|Win32
		{FEA07D71-E3F1-4918-9D1A-6C713CA6E9AF}.DebugGame|Win32.ActiveCfg = BuiltWithUnrealBuildTool|Win32
		{FEA07D71-E3F1-4918-9D1A-6C713CA6E9AF}.DebugGame|Win32.Build.0 = BuiltWithUnrealBuildTool|Win32
		{FEA07D71-E3F1-4918-9D1A-6C713CA6E9AF}.DebugGame|Win64.ActiveCfg = BuiltWithUnrealBuildTool|Win32
		{FEA07D71-E3F1-4918-9D1A-6C713CA6E9AF}.DebugGame|Win64.Build.0 = BuiltWithUnrealBuildTool|Win32
		{FEA07D71-E3F1-4918-9D1A-6C713CA6E9AF}.Development Editor|HTML5.ActiveCfg = BuiltWithUnrealBuildTool|Win32
		{FEA07D71-E3F1-4918-9D1A-6C713CA6E9AF}.Development Editor|HTML5.Build.0 = BuiltWithUnrealBuildTool|Win32
		{FEA07D71-E3F1-4918-9D1A-6C713CA6E9AF}.Development Editor|Win32.ActiveCfg = BuiltWithUnrealBuildTool|Win32
		{FEA07D71-E3F1-4918-9D1A-6C713CA6E9AF}.Development Editor|Win32.Build.0 = BuiltWithUnrealBuildTool|Win32
		{FEA07D71-E3F1-4918-9D1A-6C713CA6E9AF}.Development Editor|Win64.ActiveCfg = BuiltWithUnrealBuildTool|Win32
		{FEA07D71-E3F1-4918-9D1A-6C713CA6E9AF}.Development Editor|Win64.Build.0 = BuiltWithUnrealBuildTool|Win32
		{FEA07D71-E3F1-4918-9D1A-6C713CA6E9AF}.Development|HTML5.ActiveCfg = BuiltWithUnrealBuildTool|Win32
		{FEA07D71-E3F1-4918-9D1A-6C713CA6E9AF}.Development|HTML5.Build.0 = BuiltWithUnrealBuildTool|Win32
		{FEA07D71-E3F1-4918-9D1A-6C713CA6E9AF}.Development|Win32.ActiveCfg = BuiltWithUnrealBuildTool|Win32
		{FEA07D71-E3F1-4918-9D1A-6C713CA6E9AF}.Development|Win32.Build.0 = BuiltWithUnrealBuildTool|Win32
		{FEA07D71-E3F1-4918-9D1A-6C713CA6E9AF}.Development|Win64.ActiveCfg = BuiltWithUnrealBuildTool|Win32
		{FEA07D71-E3F1-4918-9D1A-6C713CA6E9AF}.Development|Win64.Build.0 = BuiltWithUnrealBuildTool|Win32
		{FEA07D71-E3F1-4918-9D1A-6C713CA6E9AF}.Shipping|HTML5.ActiveCfg = BuiltWithUnrealBuildTool|Win32
		{FEA07D71-E3F1-4918-9D1A-6C713CA6E9AF}.Shipping|HTML5.Build.0 = BuiltWithUnrealBuildTool|Win32
		{FEA07D71-E3F1-4918-9D1A-6C713CA6E9AF}.Shipping|Win32.ActiveCfg = BuiltWithUnrealBuildTool|Win32
		{FEA07D71-E3F1-4918-9D1A-6C713CA6E9AF}.Shipping|Win32.Build.0 = BuiltWithUnrealBuildTool|Win32
		{FEA07D71-E3F1-4918-9D1A-6C713CA6E9AF}.Shipping|Win64.ActiveCfg = BuiltWithUnrealBuildTool|Win32
		{FEA07D71-E3F1-4918-9D1A-6C713CA6E9AF}.Shipping|Win64.Build.0 = BuiltWithUnrealBuildTool|Win32
		{D0E1C430-403C-4C77-A3D7-214777EF9103}.DebugGame Editor|HTML5.ActiveCfg = HTML5_DebugGame_Editor|Win32
		{D0E1C430-403C-4C77-A3D7-214777EF9103}.DebugGame Editor|Win32.ActiveCfg = DebugGame_Editor|Win32
		{D0E1C430-403C-4C77-A3D7-214777EF9103}.DebugGame Editor|Win64.ActiveCfg = DebugGame_Editor|x64
		{D0E1C430-403C-4C77-A3D7-214777EF9103}.DebugGame Editor|Win64.Build.0 = DebugGame_Editor|x64
		{D0E1C430-403C-4C77-A3D7-214777EF9103}.DebugGame|HTML5.ActiveCfg = HTML5_DebugGame_Game|Win32
		{D0E1C430-403C-4C77-A3D7-214777EF9103}.DebugGame|HTML5.Build.0 = HTML5_DebugGame_Game|Win32
		{D0E1C430-403C-4C77-A3D7-214777EF9103}.DebugGame|Win32.ActiveCfg = DebugGame_Game|Win32
		{D0E1C430-403C-4C77-A3D7-214777EF9103}.DebugGame|Win32.Build.0 = DebugGame_Game|Win32
		{D0E1C430-403C-4C77-A3D7-214777EF9103}.DebugGame|Win64.ActiveCfg = DebugGame_Game|x64
		{D0E1C430-403C-4C77-A3D7-214777EF9103}.DebugGame|Win64.Build.0 = DebugGame_Game|x64
		{D0E1C430-403C-4C77-A3D7-214777EF9103}.Development Editor|HTML5.ActiveCfg = HTML5_Development_Editor|Win32
		{D0E1C430-403C-4C77-A3D7-214777EF9103}.Development Editor|Win32.ActiveCfg = Development_Editor|Win32
		{D0E1C430-403C-4C77-A3D7-214777EF9103}.Development Editor|Win64.ActiveCfg = Development_Editor|x64
		{D0E1C430-403C-4C77-A3D7-214777EF9103}.Development Editor|Win64.Build.0 = Development_Editor|x64
		{D0E1C430-403C-4C77-A3D7-214777EF9103}.Development|HTML5.ActiveCfg = HTML5_Development_Game|Win32
		{D0E1C430-403C-4C77-A3D7-214777EF9103}.Development|HTML5.Build.0 = HTML5_Development_Game|Win32
		{D0E1C430-403C-4C77-A3D7-214777EF9103}.Development|Win32.ActiveCfg = Development_Game|Win32
		{D0E1C430-403C-4C77-A3D7-214777EF9103}.Development|Win32.Build.0 = Development_Game|Win32
		{D0E1C430-403C-4C77-A3D7-214777EF9103}.Development|Win64.ActiveCfg = Development_Game|x64
		{D0E1C430-403C-4C77-A3D7-214777EF9103}.Development|Win64.Build.0 = Development_Game|x64
		{D0E1C430-403C-4C77-A3D7-214777EF9103}.Shipping|HTML5.ActiveCfg = HTML5_Shipping_Game|Win32
		{D0E1C430-403C-4C77-A3D7-214777EF9103}.Shipping|HTML5.Build.0 = HTML5_Shipping_Game|Win32
		{D0E1C430-403C-4C77-A3D7-214777EF9103}.Shipping|Win32.ActiveCfg = Shipping_Game|Win32
		{D0E1C430-403C-4C77-A3D7-214777EF9103}.Shipping|Win32.Build.0 = Shipping_Game|Win32
		{D0E1C430-403C-4C77-A3D7-214777EF9103}.Shipping|Win64.ActiveCfg = Shipping_Game|x64
		{D0E1C430-403C-4C77-A3D7-214777EF9103}.Shipping|Win64.Build.0 = Shipping_Game|x64
	EndGlobalSection
	GlobalSection(SolutionProperties) = preSolution
		HideSolutionNode = FALSE
	EndGlobalSection
	GlobalSection(NestedProjects) = preSolution
		{FEA07D71-E3F1-4918-9D1A-6C713CA6E9AF} = {0D5340AD-9508-4BDE-B22B-419ECA3FC0EF}
		{D0E1C430-403C-4C77-A3D7-214777EF9103} = {86462F7A-2F02-4BA0-A8DC-7855C38FBBB1}
	EndGlobalSection
	GlobalSection(ExtensibilityGlobals) = postSolution
		SolutionGuid = {829E6DBC-6609-42A6-BBEE-4C004FC79FB2}
	EndGlobalSection
EndGlobal
